
Microsoft Visual Studio Solution File, Format Version 12.00
# Visual Studio Version 17
VisualStudioVersion = 17.4.33122.133
MinimumVisualStudioVersion = 10.0.40219.1
Project("{FAE04EC0-301F-11D3-BF4B-00C04F79EFBC}") = "Algimed", "Algimed\Algimed.csproj", "{F5BC7333-4F6B-4543-AF71-8A993CAA59B3}"
EndProject
Project("{54435603-DBB4-11D2-8724-00A0C9A8B90C}") = "Algimed.Setup", "Algimed.Setup\Algimed.Setup.vdproj", "{B3464097-0D98-4AB5-A302-0137B6CFB553}"
EndProject
Global
	GlobalSection(SolutionConfigurationPlatforms) = preSolution
		Debug|Any CPU = Debug|Any CPU
		Release|Any CPU = Release|Any CPU
	EndGlobalSection
	GlobalSection(ProjectConfigurationPlatforms) = postSolution
		{F5BC7333-4F6B-4543-AF71-8A993CAA59B3}.Debug|Any CPU.ActiveCfg = Debug|Any CPU
		{F5BC7333-4F6B-4543-AF71-8A993CAA59B3}.Debug|Any CPU.Build.0 = Debug|Any CPU
		{F5BC7333-4F6B-4543-AF71-8A993CAA59B3}.Release|Any CPU.ActiveCfg = Release|Any CPU
		{F5BC7333-4F6B-4543-AF71-8A993CAA59B3}.Release|Any CPU.Build.0 = Release|Any CPU
		{B3464097-0D98-4AB5-A302-0137B6CFB553}.Debug|Any CPU.ActiveCfg = Debug
		{B3464097-0D98-4AB5-A302-0137B6CFB553}.Release|Any CPU.ActiveCfg = Release
	EndGlobalSection
	GlobalSection(SolutionProperties) = preSolution
		HideSolutionNode = FALSE
	EndGlobalSection
	GlobalSection(ExtensibilityGlobals) = postSolution
		SolutionGuid = {7E6291E1-81E7-42D5-B2BF-751166FE1A01}
	EndGlobalSection
EndGlobal
